
Microsoft Visual Studio Solution File, Format Version 12.00
# Visual Studio 15
Project("{FAE04EC0-301F-11D3-BF4B-00C04F79EFBC}") = "project.Plugins", "project.Plugins.csproj", "{BC83FECD-63B1-9B9D-4DEA-8474A6DE5658}"
EndProject
Project("{FAE04EC0-301F-11D3-BF4B-00C04F79EFBC}") = "project", "project.csproj", "{A55E2736-EF52-FD14-95B3-CA104B9A27EB}"
EndProject
Global
	GlobalSection(SolutionConfigurationPlatforms) = preSolution
		Debug|Any CPU = Debug|Any CPU
		Release|Any CPU = Release|Any CPU
	EndGlobalSection
	GlobalSection(ProjectConfigurationPlatforms) = postSolution
		{BC83FECD-63B1-9B9D-4DEA-8474A6DE5658}.Debug|Any CPU.ActiveCfg = Debug|Any CPU
		{BC83FECD-63B1-9B9D-4DEA-8474A6DE5658}.Debug|Any CPU.Build.0 = Debug|Any CPU
		{BC83FECD-63B1-9B9D-4DEA-8474A6DE5658}.Release|Any CPU.ActiveCfg = Release|Any CPU
		{BC83FECD-63B1-9B9D-4DEA-8474A6DE5658}.Release|Any CPU.Build.0 = Release|Any CPU
		{A55E2736-EF52-FD14-95B3-CA104B9A27EB}.Debug|Any CPU.ActiveCfg = Debug|Any CPU
		{A55E2736-EF52-FD14-95B3-CA104B9A27EB}.Debug|Any CPU.Build.0 = Debug|Any CPU
		{A55E2736-EF52-FD14-95B3-CA104B9A27EB}.Release|Any CPU.ActiveCfg = Release|Any CPU
		{A55E2736-EF52-FD14-95B3-CA104B9A27EB}.Release|Any CPU.Build.0 = Release|Any CPU
	EndGlobalSection
	GlobalSection(SolutionProperties) = preSolution
		HideSolutionNode = FALSE
	EndGlobalSection
EndGlobal
